// !$*UTF8*$!
{
	archiveVersion = 1;
	classes = {
	};
	objectVersion = 50;
	objects = {

/* Begin PBXBuildFile section */
		D80F903620CFC78100F3D392 /* URLRequest+JSONRequest.swift in Sources */ = {isa = PBXBuildFile; fileRef = D80F903520CFC78100F3D392 /* URLRequest+JSONRequest.swift */; };
		D80F903920CFD04600F3D392 /* StoriesTestData.json in Resources */ = {isa = PBXBuildFile; fileRef = D80F903820CFD04600F3D392 /* StoriesTestData.json */; };
		D80F903D20D0EFA400F3D392 /* DateFormatter+ISO8601Full.swift in Sources */ = {isa = PBXBuildFile; fileRef = D80F903C20D0EFA400F3D392 /* DateFormatter+ISO8601Full.swift */; };
		D80F903F20D1055100F3D392 /* StoriesLoader.swift in Sources */ = {isa = PBXBuildFile; fileRef = D80F903E20D1055100F3D392 /* StoriesLoader.swift */; };
		D80F904120D1059A00F3D392 /* StoriesLoaderTests.swift in Sources */ = {isa = PBXBuildFile; fileRef = D80F904020D1059A00F3D392 /* StoriesLoaderTests.swift */; };
		D80F904320D168D500F3D392 /* StoryViewModel.swift in Sources */ = {isa = PBXBuildFile; fileRef = D80F904220D168D500F3D392 /* StoryViewModel.swift */; };
		D80F904520D16AD500F3D392 /* Date+TimeAgo.swift in Sources */ = {isa = PBXBuildFile; fileRef = D80F904420D16AD500F3D392 /* Date+TimeAgo.swift */; };
		D80F904720D16E6700F3D392 /* StoryViewCellTests.swift in Sources */ = {isa = PBXBuildFile; fileRef = D80F904620D16E6700F3D392 /* StoryViewCellTests.swift */; };
		D80F904920D251D500F3D392 /* UIColor+Palettes.swift in Sources */ = {isa = PBXBuildFile; fileRef = D80F904820D251D500F3D392 /* UIColor+Palettes.swift */; };
		D80F904B20D3A99200F3D392 /* StoriesProvider.swift in Sources */ = {isa = PBXBuildFile; fileRef = D80F904A20D3A99200F3D392 /* StoriesProvider.swift */; };
		D80F904D20D3B2DB00F3D392 /* StoriesProviderTests.swift in Sources */ = {isa = PBXBuildFile; fileRef = D80F904C20D3B2DB00F3D392 /* StoriesProviderTests.swift */; };
		D80F904F20D4209600F3D392 /* StoryViewController.swift in Sources */ = {isa = PBXBuildFile; fileRef = D80F904E20D4209600F3D392 /* StoryViewController.swift */; };
		D80F905120D420B000F3D392 /* StoryViewControllerTests.swift in Sources */ = {isa = PBXBuildFile; fileRef = D80F905020D420B000F3D392 /* StoryViewControllerTests.swift */; };
		D81C86BB20D6537A00667960 /* Comment.swift in Sources */ = {isa = PBXBuildFile; fileRef = D81C86BA20D6537A00667960 /* Comment.swift */; };
		D81C86BE20D6539800667960 /* CommentTests.swift in Sources */ = {isa = PBXBuildFile; fileRef = D81C86BD20D6539700667960 /* CommentTests.swift */; };
		D868C1B220CFC67400D9421D /* URL+AppendingQueries.swift in Sources */ = {isa = PBXBuildFile; fileRef = D868C1B120CFC67400D9421D /* URL+AppendingQueries.swift */; };
		D8A7870120CECB33007D505D /* AppLaunchingTests.swift in Sources */ = {isa = PBXBuildFile; fileRef = D8A7870020CECB33007D505D /* AppLaunchingTests.swift */; };
		D8A7870320CECDB9007D505D /* StoriesViewControllerTests.swift in Sources */ = {isa = PBXBuildFile; fileRef = D8A7870220CECDB9007D505D /* StoriesViewControllerTests.swift */; };
		D8A7870520CECE94007D505D /* StoriesDataSource.swift in Sources */ = {isa = PBXBuildFile; fileRef = D8A7870420CECE94007D505D /* StoriesDataSource.swift */; };
		D8A7870720CED21F007D505D /* StoriesDataSourceTests.swift in Sources */ = {isa = PBXBuildFile; fileRef = D8A7870620CED21F007D505D /* StoriesDataSourceTests.swift */; };
		D8A7870920CED889007D505D /* StoryViewCell.swift in Sources */ = {isa = PBXBuildFile; fileRef = D8A7870820CED889007D505D /* StoryViewCell.swift */; };
		D8A7870F20CFBA92007D505D /* LobstersURL.swift in Sources */ = {isa = PBXBuildFile; fileRef = D8A7870E20CFBA92007D505D /* LobstersURL.swift */; };
		D8A7871120CFBB2F007D505D /* LobstersService.swift in Sources */ = {isa = PBXBuildFile; fileRef = D8A7871020CFBB2F007D505D /* LobstersService.swift */; };
		D8A7871420CFBC58007D505D /* LobstersServiceTests.swift in Sources */ = {isa = PBXBuildFile; fileRef = D8A7871320CFBC58007D505D /* LobstersServiceTests.swift */; };
		D8C11B5920CE759D00E3C325 /* AppDelegate.swift in Sources */ = {isa = PBXBuildFile; fileRef = D8C11B5820CE759D00E3C325 /* AppDelegate.swift */; };
		D8C11B6020CE759E00E3C325 /* Assets.xcassets in Resources */ = {isa = PBXBuildFile; fileRef = D8C11B5F20CE759E00E3C325 /* Assets.xcassets */; };
		D8C11B6320CE759E00E3C325 /* LaunchScreen.storyboard in Resources */ = {isa = PBXBuildFile; fileRef = D8C11B6120CE759E00E3C325 /* LaunchScreen.storyboard */; };
		D8D404B420CE80DC0028371C /* Story.swift in Sources */ = {isa = PBXBuildFile; fileRef = D8D404B320CE80DC0028371C /* Story.swift */; };
		D8D404B620CE80F00028371C /* StoryTests.swift in Sources */ = {isa = PBXBuildFile; fileRef = D8D404B520CE80F00028371C /* StoryTests.swift */; };
		D8D404B820CEB9470028371C /* User.swift in Sources */ = {isa = PBXBuildFile; fileRef = D8D404B720CEB9470028371C /* User.swift */; };
		D8D404BA20CEB9530028371C /* UserTests.swift in Sources */ = {isa = PBXBuildFile; fileRef = D8D404B920CEB9530028371C /* UserTests.swift */; };
		D8D404BC20CEC7C40028371C /* StoriesViewController.swift in Sources */ = {isa = PBXBuildFile; fileRef = D8D404BB20CEC7C40028371C /* StoriesViewController.swift */; };
/* End PBXBuildFile section */

/* Begin PBXContainerItemProxy section */
		D8C11B6A20CE759E00E3C325 /* PBXContainerItemProxy */ = {
			isa = PBXContainerItemProxy;
			containerPortal = D8C11B4D20CE759D00E3C325 /* Project object */;
			proxyType = 1;
			remoteGlobalIDString = D8C11B5420CE759D00E3C325;
			remoteInfo = LobstersApp;
		};
/* End PBXContainerItemProxy section */

/* Begin PBXFileReference section */
		D80F903520CFC78100F3D392 /* URLRequest+JSONRequest.swift */ = {isa = PBXFileReference; lastKnownFileType = sourcecode.swift; path = "URLRequest+JSONRequest.swift"; sourceTree = "<group>"; };
		D80F903820CFD04600F3D392 /* StoriesTestData.json */ = {isa = PBXFileReference; fileEncoding = 4; lastKnownFileType = text.json; path = StoriesTestData.json; sourceTree = "<group>"; };
		D80F903C20D0EFA400F3D392 /* DateFormatter+ISO8601Full.swift */ = {isa = PBXFileReference; lastKnownFileType = sourcecode.swift; path = "DateFormatter+ISO8601Full.swift"; sourceTree = "<group>"; };
		D80F903E20D1055100F3D392 /* StoriesLoader.swift */ = {isa = PBXFileReference; lastKnownFileType = sourcecode.swift; path = StoriesLoader.swift; sourceTree = "<group>"; };
		D80F904020D1059A00F3D392 /* StoriesLoaderTests.swift */ = {isa = PBXFileReference; lastKnownFileType = sourcecode.swift; path = StoriesLoaderTests.swift; sourceTree = "<group>"; };
		D80F904220D168D500F3D392 /* StoryViewModel.swift */ = {isa = PBXFileReference; lastKnownFileType = sourcecode.swift; path = StoryViewModel.swift; sourceTree = "<group>"; };
		D80F904420D16AD500F3D392 /* Date+TimeAgo.swift */ = {isa = PBXFileReference; lastKnownFileType = sourcecode.swift; path = "Date+TimeAgo.swift"; sourceTree = "<group>"; };
		D80F904620D16E6700F3D392 /* StoryViewCellTests.swift */ = {isa = PBXFileReference; lastKnownFileType = sourcecode.swift; path = StoryViewCellTests.swift; sourceTree = "<group>"; };
		D80F904820D251D500F3D392 /* UIColor+Palettes.swift */ = {isa = PBXFileReference; lastKnownFileType = sourcecode.swift; path = "UIColor+Palettes.swift"; sourceTree = "<group>"; };
		D80F904A20D3A99200F3D392 /* StoriesProvider.swift */ = {isa = PBXFileReference; lastKnownFileType = sourcecode.swift; path = StoriesProvider.swift; sourceTree = "<group>"; };
		D80F904C20D3B2DB00F3D392 /* StoriesProviderTests.swift */ = {isa = PBXFileReference; lastKnownFileType = sourcecode.swift; path = StoriesProviderTests.swift; sourceTree = "<group>"; };
		D80F904E20D4209600F3D392 /* StoryViewController.swift */ = {isa = PBXFileReference; lastKnownFileType = sourcecode.swift; path = StoryViewController.swift; sourceTree = "<group>"; };
		D80F905020D420B000F3D392 /* StoryViewControllerTests.swift */ = {isa = PBXFileReference; lastKnownFileType = sourcecode.swift; path = StoryViewControllerTests.swift; sourceTree = "<group>"; };
		D81C86BA20D6537A00667960 /* Comment.swift */ = {isa = PBXFileReference; lastKnownFileType = sourcecode.swift; path = Comment.swift; sourceTree = "<group>"; };
		D81C86BD20D6539700667960 /* CommentTests.swift */ = {isa = PBXFileReference; lastKnownFileType = sourcecode.swift; path = CommentTests.swift; sourceTree = "<group>"; };
		D868C1B120CFC67400D9421D /* URL+AppendingQueries.swift */ = {isa = PBXFileReference; lastKnownFileType = sourcecode.swift; path = "URL+AppendingQueries.swift"; sourceTree = "<group>"; };
		D8A7870020CECB33007D505D /* AppLaunchingTests.swift */ = {isa = PBXFileReference; lastKnownFileType = sourcecode.swift; path = AppLaunchingTests.swift; sourceTree = "<group>"; };
		D8A7870220CECDB9007D505D /* StoriesViewControllerTests.swift */ = {isa = PBXFileReference; lastKnownFileType = sourcecode.swift; path = StoriesViewControllerTests.swift; sourceTree = "<group>"; };
		D8A7870420CECE94007D505D /* StoriesDataSource.swift */ = {isa = PBXFileReference; lastKnownFileType = sourcecode.swift; path = StoriesDataSource.swift; sourceTree = "<group>"; };
		D8A7870620CED21F007D505D /* StoriesDataSourceTests.swift */ = {isa = PBXFileReference; lastKnownFileType = sourcecode.swift; path = StoriesDataSourceTests.swift; sourceTree = "<group>"; };
		D8A7870820CED889007D505D /* StoryViewCell.swift */ = {isa = PBXFileReference; lastKnownFileType = sourcecode.swift; path = StoryViewCell.swift; sourceTree = "<group>"; };
		D8A7870E20CFBA92007D505D /* LobstersURL.swift */ = {isa = PBXFileReference; lastKnownFileType = sourcecode.swift; path = LobstersURL.swift; sourceTree = "<group>"; };
		D8A7871020CFBB2F007D505D /* LobstersService.swift */ = {isa = PBXFileReference; lastKnownFileType = sourcecode.swift; path = LobstersService.swift; sourceTree = "<group>"; };
		D8A7871320CFBC58007D505D /* LobstersServiceTests.swift */ = {isa = PBXFileReference; lastKnownFileType = sourcecode.swift; path = LobstersServiceTests.swift; sourceTree = "<group>"; };
		D8C11B5520CE759D00E3C325 /* LobstersApp.app */ = {isa = PBXFileReference; explicitFileType = wrapper.application; includeInIndex = 0; path = LobstersApp.app; sourceTree = BUILT_PRODUCTS_DIR; };
		D8C11B5820CE759D00E3C325 /* AppDelegate.swift */ = {isa = PBXFileReference; lastKnownFileType = sourcecode.swift; path = AppDelegate.swift; sourceTree = "<group>"; };
		D8C11B5F20CE759E00E3C325 /* Assets.xcassets */ = {isa = PBXFileReference; lastKnownFileType = folder.assetcatalog; path = Assets.xcassets; sourceTree = "<group>"; };
		D8C11B6220CE759E00E3C325 /* Base */ = {isa = PBXFileReference; lastKnownFileType = file.storyboard; name = Base; path = Base.lproj/LaunchScreen.storyboard; sourceTree = "<group>"; };
		D8C11B6420CE759E00E3C325 /* Info.plist */ = {isa = PBXFileReference; lastKnownFileType = text.plist.xml; path = Info.plist; sourceTree = "<group>"; };
		D8C11B6920CE759E00E3C325 /* LobstersAppTests.xctest */ = {isa = PBXFileReference; explicitFileType = wrapper.cfbundle; includeInIndex = 0; path = LobstersAppTests.xctest; sourceTree = BUILT_PRODUCTS_DIR; };
		D8C11B6F20CE759E00E3C325 /* Info.plist */ = {isa = PBXFileReference; lastKnownFileType = text.plist.xml; path = Info.plist; sourceTree = "<group>"; };
		D8D404B320CE80DC0028371C /* Story.swift */ = {isa = PBXFileReference; lastKnownFileType = sourcecode.swift; path = Story.swift; sourceTree = "<group>"; };
		D8D404B520CE80F00028371C /* StoryTests.swift */ = {isa = PBXFileReference; lastKnownFileType = sourcecode.swift; path = StoryTests.swift; sourceTree = "<group>"; };
		D8D404B720CEB9470028371C /* User.swift */ = {isa = PBXFileReference; lastKnownFileType = sourcecode.swift; path = User.swift; sourceTree = "<group>"; };
		D8D404B920CEB9530028371C /* UserTests.swift */ = {isa = PBXFileReference; lastKnownFileType = sourcecode.swift; path = UserTests.swift; sourceTree = "<group>"; };
		D8D404BB20CEC7C40028371C /* StoriesViewController.swift */ = {isa = PBXFileReference; lastKnownFileType = sourcecode.swift; path = StoriesViewController.swift; sourceTree = "<group>"; };
/* End PBXFileReference section */

/* Begin PBXFrameworksBuildPhase section */
		D8C11B5220CE759D00E3C325 /* Frameworks */ = {
			isa = PBXFrameworksBuildPhase;
			buildActionMask = 2147483647;
			files = (
			);
			runOnlyForDeploymentPostprocessing = 0;
		};
		D8C11B6620CE759E00E3C325 /* Frameworks */ = {
			isa = PBXFrameworksBuildPhase;
			buildActionMask = 2147483647;
			files = (
			);
			runOnlyForDeploymentPostprocessing = 0;
		};
/* End PBXFrameworksBuildPhase section */

/* Begin PBXGroup section */
		D80F903720CFC81B00F3D392 /* Extensions */ = {
			isa = PBXGroup;
			children = (
				D80F904820D251D500F3D392 /* UIColor+Palettes.swift */,
				D868C1B120CFC67400D9421D /* URL+AppendingQueries.swift */,
				D80F903520CFC78100F3D392 /* URLRequest+JSONRequest.swift */,
				D80F903C20D0EFA400F3D392 /* DateFormatter+ISO8601Full.swift */,
				D80F904420D16AD500F3D392 /* Date+TimeAgo.swift */,
			);
			path = Extensions;
			sourceTree = "<group>";
		};
		D81C86BC20D6537E00667960 /* Comment */ = {
			isa = PBXGroup;
			children = (
				D81C86BA20D6537A00667960 /* Comment.swift */,
			);
			path = Comment;
			sourceTree = "<group>";
		};
		D81C86BF20D6539D00667960 /* Comment */ = {
			isa = PBXGroup;
			children = (
				D81C86BD20D6539700667960 /* CommentTests.swift */,
			);
			path = Comment;
			sourceTree = "<group>";
		};
		D8A7870A20CFBA46007D505D /* Story */ = {
			isa = PBXGroup;
			children = (
				D8D404B320CE80DC0028371C /* Story.swift */,
				D80F904A20D3A99200F3D392 /* StoriesProvider.swift */,
				D80F904220D168D500F3D392 /* StoryViewModel.swift */,
				D8A7870820CED889007D505D /* StoryViewCell.swift */,
				D80F903E20D1055100F3D392 /* StoriesLoader.swift */,
				D8A7870420CECE94007D505D /* StoriesDataSource.swift */,
				D80F904E20D4209600F3D392 /* StoryViewController.swift */,
				D8D404BB20CEC7C40028371C /* StoriesViewController.swift */,
			);
			path = Story;
			sourceTree = "<group>";
		};
		D8A7870B20CFBA4E007D505D /* User */ = {
			isa = PBXGroup;
			children = (
				D8D404B720CEB9470028371C /* User.swift */,
			);
			path = User;
			sourceTree = "<group>";
		};
		D8A7870C20CFBA5C007D505D /* Story */ = {
			isa = PBXGroup;
			children = (
				D8D404B520CE80F00028371C /* StoryTests.swift */,
				D80F904C20D3B2DB00F3D392 /* StoriesProviderTests.swift */,
				D80F904620D16E6700F3D392 /* StoryViewCellTests.swift */,
				D80F904020D1059A00F3D392 /* StoriesLoaderTests.swift */,
				D8A7870620CED21F007D505D /* StoriesDataSourceTests.swift */,
				D80F905020D420B000F3D392 /* StoryViewControllerTests.swift */,
				D8A7870220CECDB9007D505D /* StoriesViewControllerTests.swift */,
			);
			path = Story;
			sourceTree = "<group>";
		};
		D8A7870D20CFBA62007D505D /* User */ = {
			isa = PBXGroup;
			children = (
				D8D404B920CEB9530028371C /* UserTests.swift */,
			);
			path = User;
			sourceTree = "<group>";
		};
		D8A7871220CFBB37007D505D /* API */ = {
			isa = PBXGroup;
			children = (
				D8A7870E20CFBA92007D505D /* LobstersURL.swift */,
				D8A7871020CFBB2F007D505D /* LobstersService.swift */,
			);
			path = API;
			sourceTree = "<group>";
		};
		D8A7871520CFBC5F007D505D /* API */ = {
			isa = PBXGroup;
			children = (
				D8A7871320CFBC58007D505D /* LobstersServiceTests.swift */,
				D80F903820CFD04600F3D392 /* StoriesTestData.json */,
			);
			path = API;
			sourceTree = "<group>";
		};
		D8C11B4C20CE759D00E3C325 = {
			isa = PBXGroup;
			children = (
				D8C11B5720CE759D00E3C325 /* LobstersApp */,
				D8C11B6C20CE759E00E3C325 /* LobstersAppTests */,
				D8C11B5620CE759D00E3C325 /* Products */,
			);
			sourceTree = "<group>";
		};
		D8C11B5620CE759D00E3C325 /* Products */ = {
			isa = PBXGroup;
			children = (
				D8C11B5520CE759D00E3C325 /* LobstersApp.app */,
				D8C11B6920CE759E00E3C325 /* LobstersAppTests.xctest */,
			);
			name = Products;
			sourceTree = "<group>";
		};
		D8C11B5720CE759D00E3C325 /* LobstersApp */ = {
			isa = PBXGroup;
			children = (
				D8C11B5820CE759D00E3C325 /* AppDelegate.swift */,
				D8A7871220CFBB37007D505D /* API */,
				D8A7870A20CFBA46007D505D /* Story */,
				D81C86BC20D6537E00667960 /* Comment */,
				D8A7870B20CFBA4E007D505D /* User */,
				D80F903720CFC81B00F3D392 /* Extensions */,
				D8C11B5F20CE759E00E3C325 /* Assets.xcassets */,
				D8C11B6120CE759E00E3C325 /* LaunchScreen.storyboard */,
				D8C11B6420CE759E00E3C325 /* Info.plist */,
			);
			path = LobstersApp;
			sourceTree = "<group>";
		};
		D8C11B6C20CE759E00E3C325 /* LobstersAppTests */ = {
			isa = PBXGroup;
			children = (
				D8A7871520CFBC5F007D505D /* API */,
				D8A7870C20CFBA5C007D505D /* Story */,
				D81C86BF20D6539D00667960 /* Comment */,
				D8A7870D20CFBA62007D505D /* User */,
				D8A7870020CECB33007D505D /* AppLaunchingTests.swift */,
				D8C11B6F20CE759E00E3C325 /* Info.plist */,
			);
			path = LobstersAppTests;
			sourceTree = "<group>";
		};
/* End PBXGroup section */

/* Begin PBXNativeTarget section */
		D8C11B5420CE759D00E3C325 /* LobstersApp */ = {
			isa = PBXNativeTarget;
			buildConfigurationList = D8C11B7220CE759E00E3C325 /* Build configuration list for PBXNativeTarget "LobstersApp" */;
			buildPhases = (
				D8C11B5120CE759D00E3C325 /* Sources */,
				D8C11B5220CE759D00E3C325 /* Frameworks */,
				D8C11B5320CE759D00E3C325 /* Resources */,
				D8C11B7820CE7FAA00E3C325 /* ShellScript */,
			);
			buildRules = (
			);
			dependencies = (
			);
			name = LobstersApp;
			productName = LobstersApp;
			productReference = D8C11B5520CE759D00E3C325 /* LobstersApp.app */;
			productType = "com.apple.product-type.application";
		};
		D8C11B6820CE759E00E3C325 /* LobstersAppTests */ = {
			isa = PBXNativeTarget;
			buildConfigurationList = D8C11B7520CE759E00E3C325 /* Build configuration list for PBXNativeTarget "LobstersAppTests" */;
			buildPhases = (
				D8C11B6520CE759E00E3C325 /* Sources */,
				D8C11B6620CE759E00E3C325 /* Frameworks */,
				D8C11B6720CE759E00E3C325 /* Resources */,
			);
			buildRules = (
			);
			dependencies = (
				D8C11B6B20CE759E00E3C325 /* PBXTargetDependency */,
			);
			name = LobstersAppTests;
			productName = LobstersAppTests;
			productReference = D8C11B6920CE759E00E3C325 /* LobstersAppTests.xctest */;
			productType = "com.apple.product-type.bundle.unit-test";
		};
/* End PBXNativeTarget section */

/* Begin PBXProject section */
		D8C11B4D20CE759D00E3C325 /* Project object */ = {
			isa = PBXProject;
			attributes = {
				LastSwiftUpdateCheck = 0930;
				LastUpgradeCheck = 0930;
				ORGANIZATIONNAME = "Doan Le Thieu";
				TargetAttributes = {
					D8C11B5420CE759D00E3C325 = {
						CreatedOnToolsVersion = 9.3;
					};
					D8C11B6820CE759E00E3C325 = {
						CreatedOnToolsVersion = 9.3;
						LastSwiftMigration = 0930;
						TestTargetID = D8C11B5420CE759D00E3C325;
					};
				};
			};
			buildConfigurationList = D8C11B5020CE759D00E3C325 /* Build configuration list for PBXProject "LobstersApp" */;
			compatibilityVersion = "Xcode 9.3";
			developmentRegion = en;
			hasScannedForEncodings = 0;
			knownRegions = (
				en,
				Base,
			);
			mainGroup = D8C11B4C20CE759D00E3C325;
			productRefGroup = D8C11B5620CE759D00E3C325 /* Products */;
			projectDirPath = "";
			projectRoot = "";
			targets = (
				D8C11B5420CE759D00E3C325 /* LobstersApp */,
				D8C11B6820CE759E00E3C325 /* LobstersAppTests */,
			);
		};
/* End PBXProject section */

/* Begin PBXResourcesBuildPhase section */
		D8C11B5320CE759D00E3C325 /* Resources */ = {
			isa = PBXResourcesBuildPhase;
			buildActionMask = 2147483647;
			files = (
				D8C11B6320CE759E00E3C325 /* LaunchScreen.storyboard in Resources */,
				D8C11B6020CE759E00E3C325 /* Assets.xcassets in Resources */,
			);
			runOnlyForDeploymentPostprocessing = 0;
		};
		D8C11B6720CE759E00E3C325 /* Resources */ = {
			isa = PBXResourcesBuildPhase;
			buildActionMask = 2147483647;
			files = (
				D80F903920CFD04600F3D392 /* StoriesTestData.json in Resources */,
			);
			runOnlyForDeploymentPostprocessing = 0;
		};
/* End PBXResourcesBuildPhase section */

/* Begin PBXShellScriptBuildPhase section */
		D8C11B7820CE7FAA00E3C325 /* ShellScript */ = {
			isa = PBXShellScriptBuildPhase;
			buildActionMask = 2147483647;
			files = (
			);
			inputPaths = (
			);
			outputPaths = (
			);
			runOnlyForDeploymentPostprocessing = 0;
			shellPath = /bin/sh;
			shellScript = "if which swiftlint >/dev/null; then\n  swiftlint\nelse\n  echo \"warning: SwiftLint not installed, download from https://github.com/realm/SwiftLint\"\nfi";
		};
/* End PBXShellScriptBuildPhase section */

/* Begin PBXSourcesBuildPhase section */
		D8C11B5120CE759D00E3C325 /* Sources */ = {
			isa = PBXSourcesBuildPhase;
			buildActionMask = 2147483647;
			files = (
				D8C11B5920CE759D00E3C325 /* AppDelegate.swift in Sources */,
				D80F903620CFC78100F3D392 /* URLRequest+JSONRequest.swift in Sources */,
				D80F903F20D1055100F3D392 /* StoriesLoader.swift in Sources */,
				D8D404B420CE80DC0028371C /* Story.swift in Sources */,
				D80F904B20D3A99200F3D392 /* StoriesProvider.swift in Sources */,
				D8A7870F20CFBA92007D505D /* LobstersURL.swift in Sources */,
				D80F903D20D0EFA400F3D392 /* DateFormatter+ISO8601Full.swift in Sources */,
				D81C86BB20D6537A00667960 /* Comment.swift in Sources */,
				D8D404BC20CEC7C40028371C /* StoriesViewController.swift in Sources */,
				D8D404B820CEB9470028371C /* User.swift in Sources */,
				D8A7870920CED889007D505D /* StoryViewCell.swift in Sources */,
				D868C1B220CFC67400D9421D /* URL+AppendingQueries.swift in Sources */,
				D80F904320D168D500F3D392 /* StoryViewModel.swift in Sources */,
				D8A7870520CECE94007D505D /* StoriesDataSource.swift in Sources */,
				D80F904920D251D500F3D392 /* UIColor+Palettes.swift in Sources */,
				D80F904520D16AD500F3D392 /* Date+TimeAgo.swift in Sources */,
				D8A7871120CFBB2F007D505D /* LobstersService.swift in Sources */,
				D80F904F20D4209600F3D392 /* StoryViewController.swift in Sources */,
			);
			runOnlyForDeploymentPostprocessing = 0;
		};
		D8C11B6520CE759E00E3C325 /* Sources */ = {
			isa = PBXSourcesBuildPhase;
			buildActionMask = 2147483647;
			files = (
				D8A7870720CED21F007D505D /* StoriesDataSourceTests.swift in Sources */,
				D8A7870320CECDB9007D505D /* StoriesViewControllerTests.swift in Sources */,
				D80F904D20D3B2DB00F3D392 /* StoriesProviderTests.swift in Sources */,
				D80F904720D16E6700F3D392 /* StoryViewCellTests.swift in Sources */,
				D80F904120D1059A00F3D392 /* StoriesLoaderTests.swift in Sources */,
				D8A7870120CECB33007D505D /* AppLaunchingTests.swift in Sources */,
				D8D404BA20CEB9530028371C /* UserTests.swift in Sources */,
				D8D404B620CE80F00028371C /* StoryTests.swift in Sources */,
				D80F905120D420B000F3D392 /* StoryViewControllerTests.swift in Sources */,
				D8A7871420CFBC58007D505D /* LobstersServiceTests.swift in Sources */,
				D81C86BE20D6539800667960 /* CommentTests.swift in Sources */,
			);
			runOnlyForDeploymentPostprocessing = 0;
		};
/* End PBXSourcesBuildPhase section */

/* Begin PBXTargetDependency section */
		D8C11B6B20CE759E00E3C325 /* PBXTargetDependency */ = {
			isa = PBXTargetDependency;
			target = D8C11B5420CE759D00E3C325 /* LobstersApp */;
			targetProxy = D8C11B6A20CE759E00E3C325 /* PBXContainerItemProxy */;
		};
/* End PBXTargetDependency section */

/* Begin PBXVariantGroup section */
		D8C11B6120CE759E00E3C325 /* LaunchScreen.storyboard */ = {
			isa = PBXVariantGroup;
			children = (
				D8C11B6220CE759E00E3C325 /* Base */,
			);
			name = LaunchScreen.storyboard;
			sourceTree = "<group>";
		};
/* End PBXVariantGroup section */

/* Begin XCBuildConfiguration section */
		D8C11B7020CE759E00E3C325 /* Debug */ = {
			isa = XCBuildConfiguration;
			buildSettings = {
				ALWAYS_SEARCH_USER_PATHS = NO;
				CLANG_ANALYZER_NONNULL = YES;
				CLANG_ANALYZER_NUMBER_OBJECT_CONVERSION = YES_AGGRESSIVE;
				CLANG_CXX_LANGUAGE_STANDARD = "gnu++14";
				CLANG_CXX_LIBRARY = "libc++";
				CLANG_ENABLE_MODULES = YES;
				CLANG_ENABLE_OBJC_ARC = YES;
				CLANG_ENABLE_OBJC_WEAK = YES;
				CLANG_WARN_BLOCK_CAPTURE_AUTORELEASING = YES;
				CLANG_WARN_BOOL_CONVERSION = YES;
				CLANG_WARN_COMMA = YES;
				CLANG_WARN_CONSTANT_CONVERSION = YES;
				CLANG_WARN_DEPRECATED_OBJC_IMPLEMENTATIONS = YES;
				CLANG_WARN_DIRECT_OBJC_ISA_USAGE = YES_ERROR;
				CLANG_WARN_DOCUMENTATION_COMMENTS = YES;
				CLANG_WARN_EMPTY_BODY = YES;
				CLANG_WARN_ENUM_CONVERSION = YES;
				CLANG_WARN_INFINITE_RECURSION = YES;
				CLANG_WARN_INT_CONVERSION = YES;
				CLANG_WARN_NON_LITERAL_NULL_CONVERSION = YES;
				CLANG_WARN_OBJC_IMPLICIT_RETAIN_SELF = YES;
				CLANG_WARN_OBJC_LITERAL_CONVERSION = YES;
				CLANG_WARN_OBJC_ROOT_CLASS = YES_ERROR;
				CLANG_WARN_RANGE_LOOP_ANALYSIS = YES;
				CLANG_WARN_STRICT_PROTOTYPES = YES;
				CLANG_WARN_SUSPICIOUS_MOVE = YES;
				CLANG_WARN_UNGUARDED_AVAILABILITY = YES_AGGRESSIVE;
				CLANG_WARN_UNREACHABLE_CODE = YES;
				CLANG_WARN__DUPLICATE_METHOD_MATCH = YES;
				CODE_SIGN_IDENTITY = "iPhone Developer";
				COPY_PHASE_STRIP = NO;
				DEBUG_INFORMATION_FORMAT = dwarf;
				ENABLE_STRICT_OBJC_MSGSEND = YES;
				ENABLE_TESTABILITY = YES;
				GCC_C_LANGUAGE_STANDARD = gnu11;
				GCC_DYNAMIC_NO_PIC = NO;
				GCC_NO_COMMON_BLOCKS = YES;
				GCC_OPTIMIZATION_LEVEL = 0;
				GCC_PREPROCESSOR_DEFINITIONS = (
					"DEBUG=1",
					"$(inherited)",
				);
				GCC_WARN_64_TO_32_BIT_CONVERSION = YES;
				GCC_WARN_ABOUT_RETURN_TYPE = YES_ERROR;
				GCC_WARN_UNDECLARED_SELECTOR = YES;
				GCC_WARN_UNINITIALIZED_AUTOS = YES_AGGRESSIVE;
				GCC_WARN_UNUSED_FUNCTION = YES;
				GCC_WARN_UNUSED_VARIABLE = YES;
				IPHONEOS_DEPLOYMENT_TARGET = 11.3;
				MTL_ENABLE_DEBUG_INFO = YES;
				ONLY_ACTIVE_ARCH = YES;
				SDKROOT = iphoneos;
				SWIFT_ACTIVE_COMPILATION_CONDITIONS = DEBUG;
				SWIFT_OPTIMIZATION_LEVEL = "-Onone";
			};
			name = Debug;
		};
		D8C11B7120CE759E00E3C325 /* Release */ = {
			isa = XCBuildConfiguration;
			buildSettings = {
				ALWAYS_SEARCH_USER_PATHS = NO;
				CLANG_ANALYZER_NONNULL = YES;
				CLANG_ANALYZER_NUMBER_OBJECT_CONVERSION = YES_AGGRESSIVE;
				CLANG_CXX_LANGUAGE_STANDARD = "gnu++14";
				CLANG_CXX_LIBRARY = "libc++";
				CLANG_ENABLE_MODULES = YES;
				CLANG_ENABLE_OBJC_ARC = YES;
				CLANG_ENABLE_OBJC_WEAK = YES;
				CLANG_WARN_BLOCK_CAPTURE_AUTORELEASING = YES;
				CLANG_WARN_BOOL_CONVERSION = YES;
				CLANG_WARN_COMMA = YES;
				CLANG_WARN_CONSTANT_CONVERSION = YES;
				CLANG_WARN_DEPRECATED_OBJC_IMPLEMENTATIONS = YES;
				CLANG_WARN_DIRECT_OBJC_ISA_USAGE = YES_ERROR;
				CLANG_WARN_DOCUMENTATION_COMMENTS = YES;
				CLANG_WARN_EMPTY_BODY = YES;
				CLANG_WARN_ENUM_CONVERSION = YES;
				CLANG_WARN_INFINITE_RECURSION = YES;
				CLANG_WARN_INT_CONVERSION = YES;
				CLANG_WARN_NON_LITERAL_NULL_CONVERSION = YES;
				CLANG_WARN_OBJC_IMPLICIT_RETAIN_SELF = YES;
				CLANG_WARN_OBJC_LITERAL_CONVERSION = YES;
				CLANG_WARN_OBJC_ROOT_CLASS = YES_ERROR;
				CLANG_WARN_RANGE_LOOP_ANALYSIS = YES;
				CLANG_WARN_STRICT_PROTOTYPES = YES;
				CLANG_WARN_SUSPICIOUS_MOVE = YES;
				CLANG_WARN_UNGUARDED_AVAILABILITY = YES_AGGRESSIVE;
				CLANG_WARN_UNREACHABLE_CODE = YES;
				CLANG_WARN__DUPLICATE_METHOD_MATCH = YES;
				CODE_SIGN_IDENTITY = "iPhone Developer";
				COPY_PHASE_STRIP = NO;
				DEBUG_INFORMATION_FORMAT = "dwarf-with-dsym";
				ENABLE_NS_ASSERTIONS = NO;
				ENABLE_STRICT_OBJC_MSGSEND = YES;
				GCC_C_LANGUAGE_STANDARD = gnu11;
				GCC_NO_COMMON_BLOCKS = YES;
				GCC_WARN_64_TO_32_BIT_CONVERSION = YES;
				GCC_WARN_ABOUT_RETURN_TYPE = YES_ERROR;
				GCC_WARN_UNDECLARED_SELECTOR = YES;
				GCC_WARN_UNINITIALIZED_AUTOS = YES_AGGRESSIVE;
				GCC_WARN_UNUSED_FUNCTION = YES;
				GCC_WARN_UNUSED_VARIABLE = YES;
				IPHONEOS_DEPLOYMENT_TARGET = 11.3;
				MTL_ENABLE_DEBUG_INFO = NO;
				SDKROOT = iphoneos;
				SWIFT_COMPILATION_MODE = wholemodule;
				SWIFT_OPTIMIZATION_LEVEL = "-O";
				VALIDATE_PRODUCT = YES;
			};
			name = Release;
		};
		D8C11B7320CE759E00E3C325 /* Debug */ = {
			isa = XCBuildConfiguration;
			buildSettings = {
				ASSETCATALOG_COMPILER_APPICON_NAME = AppIcon;
				CODE_SIGN_STYLE = Automatic;
				INFOPLIST_FILE = LobstersApp/Info.plist;
				LD_RUNPATH_SEARCH_PATHS = (
					"$(inherited)",
					"@executable_path/Frameworks",
				);
				PRODUCT_BUNDLE_IDENTIFIER = com.doanthieu.LobstersApp;
				PRODUCT_NAME = "$(TARGET_NAME)";
				SWIFT_VERSION = 4.0;
				TARGETED_DEVICE_FAMILY = 1;
			};
			name = Debug;
		};
		D8C11B7420CE759E00E3C325 /* Release */ = {
			isa = XCBuildConfiguration;
			buildSettings = {
				ASSETCATALOG_COMPILER_APPICON_NAME = AppIcon;
				CODE_SIGN_STYLE = Automatic;
				INFOPLIST_FILE = LobstersApp/Info.plist;
				LD_RUNPATH_SEARCH_PATHS = (
					"$(inherited)",
					"@executable_path/Frameworks",
				);
				PRODUCT_BUNDLE_IDENTIFIER = com.doanthieu.LobstersApp;
				PRODUCT_NAME = "$(TARGET_NAME)";
				SWIFT_VERSION = 4.0;
				TARGETED_DEVICE_FAMILY = 1;
			};
			name = Release;
		};
		D8C11B7620CE759E00E3C325 /* Debug */ = {
			isa = XCBuildConfiguration;
			buildSettings = {
				ALWAYS_EMBED_SWIFT_STANDARD_LIBRARIES = YES;
				BUNDLE_LOADER = "$(TEST_HOST)";
				CLANG_ENABLE_MODULES = YES;
				CODE_SIGN_STYLE = Automatic;
				INFOPLIST_FILE = LobstersAppTests/Info.plist;
				LD_RUNPATH_SEARCH_PATHS = (
					"$(inherited)",
					"@executable_path/Frameworks",
					"@loader_path/Frameworks",
				);
				PRODUCT_BUNDLE_IDENTIFIER = com.doanthieu.LobstersAppTests;
				PRODUCT_NAME = "$(TARGET_NAME)";
				SWIFT_OPTIMIZATION_LEVEL = "-Onone";
				SWIFT_VERSION = 4.0;
				TARGETED_DEVICE_FAMILY = "1,2";
				TEST_HOST = "$(BUILT_PRODUCTS_DIR)/LobstersApp.app/LobstersApp";
			};
			name = Debug;
		};
		D8C11B7720CE759E00E3C325 /* Release */ = {
			isa = XCBuildConfiguration;
			buildSettings = {
				ALWAYS_EMBED_SWIFT_STANDARD_LIBRARIES = YES;
				BUNDLE_LOADER = "$(TEST_HOST)";
				CLANG_ENABLE_MODULES = YES;
				CODE_SIGN_STYLE = Automatic;
				INFOPLIST_FILE = LobstersAppTests/Info.plist;
				LD_RUNPATH_SEARCH_PATHS = (
					"$(inherited)",
					"@executable_path/Frameworks",
					"@loader_path/Frameworks",
				);
				PRODUCT_BUNDLE_IDENTIFIER = com.doanthieu.LobstersAppTests;
				PRODUCT_NAME = "$(TARGET_NAME)";
				SWIFT_VERSION = 4.0;
				TARGETED_DEVICE_FAMILY = "1,2";
				TEST_HOST = "$(BUILT_PRODUCTS_DIR)/LobstersApp.app/LobstersApp";
			};
			name = Release;
		};
/* End XCBuildConfiguration section */

/* Begin XCConfigurationList section */
		D8C11B5020CE759D00E3C325 /* Build configuration list for PBXProject "LobstersApp" */ = {
			isa = XCConfigurationList;
			buildConfigurations = (
				D8C11B7020CE759E00E3C325 /* Debug */,
				D8C11B7120CE759E00E3C325 /* Release */,
			);
			defaultConfigurationIsVisible = 0;
			defaultConfigurationName = Release;
		};
		D8C11B7220CE759E00E3C325 /* Build configuration list for PBXNativeTarget "LobstersApp" */ = {
			isa = XCConfigurationList;
			buildConfigurations = (
				D8C11B7320CE759E00E3C325 /* Debug */,
				D8C11B7420CE759E00E3C325 /* Release */,
			);
			defaultConfigurationIsVisible = 0;
			defaultConfigurationName = Release;
		};
		D8C11B7520CE759E00E3C325 /* Build configuration list for PBXNativeTarget "LobstersAppTests" */ = {
			isa = XCConfigurationList;
			buildConfigurations = (
				D8C11B7620CE759E00E3C325 /* Debug */,
				D8C11B7720CE759E00E3C325 /* Release */,
			);
			defaultConfigurationIsVisible = 0;
			defaultConfigurationName = Release;
		};
/* End XCConfigurationList section */
	};
	rootObject = D8C11B4D20CE759D00E3C325 /* Project object */;
}
